
Microsoft Visual Studio Solution File, Format Version 12.00
# Visual Studio Version 16
VisualStudioVersion = 16.0.29519.181
MinimumVisualStudioVersion = 10.0.40219.1
Project("{FAE04EC0-301F-11D3-BF4B-00C04F79EFBC}") = "Esercizio", "Esercizio\Esercizio.csproj", "{3B9BC3D1-EAA1-4DE2-ABD2-57ED13879624}"
EndProject
Global
	GlobalSection(SolutionConfigurationPlatforms) = preSolution
		Debug|Any CPU = Debug|Any CPU
		Release|Any CPU = Release|Any CPU
	EndGlobalSection
	GlobalSection(ProjectConfigurationPlatforms) = postSolution
		{3B9BC3D1-EAA1-4DE2-ABD2-57ED13879624}.Debug|Any CPU.ActiveCfg = Debug|Any CPU
		{3B9BC3D1-EAA1-4DE2-ABD2-57ED13879624}.Debug|Any CPU.Build.0 = Debug|Any CPU
		{3B9BC3D1-EAA1-4DE2-ABD2-57ED13879624}.Release|Any CPU.ActiveCfg = Release|Any CPU
		{3B9BC3D1-EAA1-4DE2-ABD2-57ED13879624}.Release|Any CPU.Build.0 = Release|Any CPU
	EndGlobalSection
	GlobalSection(SolutionProperties) = preSolution
		HideSolutionNode = FALSE
	EndGlobalSection
	GlobalSection(ExtensibilityGlobals) = postSolution
		SolutionGuid = {CE2FF3DA-1598-453A-B05B-F91B83F2C33B}
	EndGlobalSection
EndGlobal
